
Microsoft Visual Studio Solution File, Format Version 12.00
# Visual Studio Version 17
VisualStudioVersion = 17.0.31903.59
MinimumVisualStudioVersion = 10.0.40219.1
Project("{2150E333-8FDC-42A3-9474-1A3956D46DE8}") = "Services", "Services", "{5732CC27-AAAC-4BEE-9805-0A0FCFA52290}"
EndProject
Project("{2150E333-8FDC-42A3-9474-1A3956D46DE8}") = "WorkoutService", "WorkoutService", "{91A29965-BF79-45E6-A7B6-A00DA595871A}"
EndProject
Project("{FAE04EC0-301F-11D3-BF4B-00C04F79EFBC}") = "ActivityLog.Services.WorkoutService.Domain", "src\Services\WorkoutService\ActivityLog.Services.WorkoutService.Domain\ActivityLog.Services.WorkoutService.Domain.csproj", "{D650BF86-3C18-4DB9-8B18-875E7E3A48FB}"
EndProject
Project("{FAE04EC0-301F-11D3-BF4B-00C04F79EFBC}") = "ActivityLog.Services.WorkoutService.Application", "src\Services\WorkoutService\ActivityLog.Services.WorkoutService.Application\ActivityLog.Services.WorkoutService.Application.csproj", "{69A6A030-9338-4512-84B0-64ADF2338255}"
EndProject
Project("{FAE04EC0-301F-11D3-BF4B-00C04F79EFBC}") = "ActivityLog.Services.WorkoutService.Infrastructure", "src\Services\WorkoutService\ActivityLog.Services.WorkoutService.Infrastructure\ActivityLog.Services.WorkoutService.Infrastructure.csproj", "{126F3AAB-30C7-4EB0-95AF-80EDCBA2AD5C}"
EndProject
Project("{FAE04EC0-301F-11D3-BF4B-00C04F79EFBC}") = "ActivityLog.Services.WorkoutService.API", "src\Services\WorkoutService\ActivityLog.Services.WorkoutService.API\ActivityLog.Services.WorkoutService.API.csproj", "{D97CDA85-879D-4EBE-B989-1025F84346E0}"
EndProject
Project("{2150E333-8FDC-42A3-9474-1A3956D46DE8}") = "Aspire", "Aspire", "{87243AB0-9A69-4FB3-93EA-043C00D53439}"
EndProject
Project("{FAE04EC0-301F-11D3-BF4B-00C04F79EFBC}") = "ActivityLog.AppHost", "src\Aspire\ActivityLog.AppHost\ActivityLog.AppHost.csproj", "{7BAC9729-C358-422B-BB6E-374718FAD4BA}"
EndProject
Project("{FAE04EC0-301F-11D3-BF4B-00C04F79EFBC}") = "ActivityLog.ServiceDefaults", "src\Aspire\ActivityLog.ServiceDefaults\ActivityLog.ServiceDefaults.csproj", "{4024FFC7-63AE-4855-8CBE-AD14FE2D6DFC}"
EndProject
Project("{2150E333-8FDC-42A3-9474-1A3956D46DE8}") = "SolutionItems", "SolutionItems", "{F7C07145-148F-4E2B-95E1-97702C8AD388}"
	ProjectSection(SolutionItems) = preProject
		Directory.Build.props = Directory.Build.props
		Directory.Packages.props = Directory.Packages.props
		global.json = global.json
		.gitignore = .gitignore
	EndProjectSection
EndProject
Project("{2150E333-8FDC-42A3-9474-1A3956D46DE8}") = "BuildingBlocks ", "BuildingBlocks ", "{CCEE8651-4044-4917-B8E0-DBC173767530}"
EndProject
Project("{FAE04EC0-301F-11D3-BF4B-00C04F79EFBC}") = "ActivityLog.SharedKernel", "src\BuidingBlocks\ActivityLog.SharedKernel\ActivityLog.SharedKernel.csproj", "{A15C7F15-D2DB-42EC-A408-55F5C768A62E}"
EndProject
Project("{FAE04EC0-301F-11D3-BF4B-00C04F79EFBC}") = "ActivityLog.Chassis", "src\BuidingBlocks\ActivityLog.Chassis\ActivityLog.Chassis.csproj", "{771FA487-A5DA-4B35-9576-0AF7702225E3}"
EndProject
Project("{2150E333-8FDC-42A3-9474-1A3956D46DE8}") = "Deploy", "Deploy", "{F9FD1384-70F6-4611-8BDC-3FCC44F12089}"
	ProjectSection(SolutionItems) = preProject
		infra\.env = infra\.env
		infra\docker-compose.yaml = infra\docker-compose.yaml
	EndProjectSection
EndProject
Project("{FAE04EC0-301F-11D3-BF4B-00C04F79EFBC}") = "ActivityLog.Constants", "src\BuidingBlocks\ActivityLog.Constants\ActivityLog.Constants.csproj", "{251C6C85-8410-4921-8FC9-B539AF6F92F9}"
EndProject
Project("{2150E333-8FDC-42A3-9474-1A3956D46DE8}") = "IdentityService", "IdentityService", "{30724092-6E31-47DE-968D-0B5772AEB407}"
EndProject
Project("{FAE04EC0-301F-11D3-BF4B-00C04F79EFBC}") = "ActivityLog.IdentityService", "src\Services\IdentityService\ActivityLog.IdentityService\ActivityLog.IdentityService.csproj", "{19A18E28-E898-45EA-9318-20C04AB53C26}"
EndProject
Global
	GlobalSection(SolutionConfigurationPlatforms) = preSolution
		Debug|Any CPU = Debug|Any CPU
		Release|Any CPU = Release|Any CPU
	EndGlobalSection
	GlobalSection(SolutionProperties) = preSolution
		HideSolutionNode = FALSE
	EndGlobalSection
	GlobalSection(NestedProjects) = preSolution
		{91A29965-BF79-45E6-A7B6-A00DA595871A} = {5732CC27-AAAC-4BEE-9805-0A0FCFA52290}
		{D650BF86-3C18-4DB9-8B18-875E7E3A48FB} = {91A29965-BF79-45E6-A7B6-A00DA595871A}
		{69A6A030-9338-4512-84B0-64ADF2338255} = {91A29965-BF79-45E6-A7B6-A00DA595871A}
		{126F3AAB-30C7-4EB0-95AF-80EDCBA2AD5C} = {91A29965-BF79-45E6-A7B6-A00DA595871A}
		{D97CDA85-879D-4EBE-B989-1025F84346E0} = {91A29965-BF79-45E6-A7B6-A00DA595871A}
		{7BAC9729-C358-422B-BB6E-374718FAD4BA} = {87243AB0-9A69-4FB3-93EA-043C00D53439}
		{4024FFC7-63AE-4855-8CBE-AD14FE2D6DFC} = {87243AB0-9A69-4FB3-93EA-043C00D53439}
		{A15C7F15-D2DB-42EC-A408-55F5C768A62E} = {CCEE8651-4044-4917-B8E0-DBC173767530}
		{771FA487-A5DA-4B35-9576-0AF7702225E3} = {CCEE8651-4044-4917-B8E0-DBC173767530}
		{251C6C85-8410-4921-8FC9-B539AF6F92F9} = {CCEE8651-4044-4917-B8E0-DBC173767530}
		{30724092-6E31-47DE-968D-0B5772AEB407} = {5732CC27-AAAC-4BEE-9805-0A0FCFA52290}
		{19A18E28-E898-45EA-9318-20C04AB53C26} = {30724092-6E31-47DE-968D-0B5772AEB407}
	EndGlobalSection
	GlobalSection(ProjectConfigurationPlatforms) = postSolution
		{D650BF86-3C18-4DB9-8B18-875E7E3A48FB}.Debug|Any CPU.ActiveCfg = Debug|Any CPU
		{D650BF86-3C18-4DB9-8B18-875E7E3A48FB}.Debug|Any CPU.Build.0 = Debug|Any CPU
		{D650BF86-3C18-4DB9-8B18-875E7E3A48FB}.Release|Any CPU.ActiveCfg = Release|Any CPU
		{D650BF86-3C18-4DB9-8B18-875E7E3A48FB}.Release|Any CPU.Build.0 = Release|Any CPU
		{69A6A030-9338-4512-84B0-64ADF2338255}.Debug|Any CPU.ActiveCfg = Debug|Any CPU
		{69A6A030-9338-4512-84B0-64ADF2338255}.Debug|Any CPU.Build.0 = Debug|Any CPU
		{69A6A030-9338-4512-84B0-64ADF2338255}.Release|Any CPU.ActiveCfg = Release|Any CPU
		{69A6A030-9338-4512-84B0-64ADF2338255}.Release|Any CPU.Build.0 = Release|Any CPU
		{126F3AAB-30C7-4EB0-95AF-80EDCBA2AD5C}.Debug|Any CPU.ActiveCfg = Debug|Any CPU
		{126F3AAB-30C7-4EB0-95AF-80EDCBA2AD5C}.Debug|Any CPU.Build.0 = Debug|Any CPU
		{126F3AAB-30C7-4EB0-95AF-80EDCBA2AD5C}.Release|Any CPU.ActiveCfg = Release|Any CPU
		{126F3AAB-30C7-4EB0-95AF-80EDCBA2AD5C}.Release|Any CPU.Build.0 = Release|Any CPU
		{D97CDA85-879D-4EBE-B989-1025F84346E0}.Debug|Any CPU.ActiveCfg = Debug|Any CPU
		{D97CDA85-879D-4EBE-B989-1025F84346E0}.Debug|Any CPU.Build.0 = Debug|Any CPU
		{D97CDA85-879D-4EBE-B989-1025F84346E0}.Release|Any CPU.ActiveCfg = Release|Any CPU
		{D97CDA85-879D-4EBE-B989-1025F84346E0}.Release|Any CPU.Build.0 = Release|Any CPU
		{7BAC9729-C358-422B-BB6E-374718FAD4BA}.Debug|Any CPU.ActiveCfg = Debug|Any CPU
		{7BAC9729-C358-422B-BB6E-374718FAD4BA}.Debug|Any CPU.Build.0 = Debug|Any CPU
		{7BAC9729-C358-422B-BB6E-374718FAD4BA}.Release|Any CPU.ActiveCfg = Release|Any CPU
		{7BAC9729-C358-422B-BB6E-374718FAD4BA}.Release|Any CPU.Build.0 = Release|Any CPU
		{4024FFC7-63AE-4855-8CBE-AD14FE2D6DFC}.Debug|Any CPU.ActiveCfg = Debug|Any CPU
		{4024FFC7-63AE-4855-8CBE-AD14FE2D6DFC}.Debug|Any CPU.Build.0 = Debug|Any CPU
		{4024FFC7-63AE-4855-8CBE-AD14FE2D6DFC}.Release|Any CPU.ActiveCfg = Release|Any CPU
		{4024FFC7-63AE-4855-8CBE-AD14FE2D6DFC}.Release|Any CPU.Build.0 = Release|Any CPU
		{A15C7F15-D2DB-42EC-A408-55F5C768A62E}.Debug|Any CPU.ActiveCfg = Debug|Any CPU
		{A15C7F15-D2DB-42EC-A408-55F5C768A62E}.Debug|Any CPU.Build.0 = Debug|Any CPU
		{A15C7F15-D2DB-42EC-A408-55F5C768A62E}.Release|Any CPU.ActiveCfg = Release|Any CPU
		{A15C7F15-D2DB-42EC-A408-55F5C768A62E}.Release|Any CPU.Build.0 = Release|Any CPU
		{771FA487-A5DA-4B35-9576-0AF7702225E3}.Debug|Any CPU.ActiveCfg = Debug|Any CPU
		{771FA487-A5DA-4B35-9576-0AF7702225E3}.Debug|Any CPU.Build.0 = Debug|Any CPU
		{771FA487-A5DA-4B35-9576-0AF7702225E3}.Release|Any CPU.ActiveCfg = Release|Any CPU
		{771FA487-A5DA-4B35-9576-0AF7702225E3}.Release|Any CPU.Build.0 = Release|Any CPU
		{251C6C85-8410-4921-8FC9-B539AF6F92F9}.Debug|Any CPU.ActiveCfg = Debug|Any CPU
		{251C6C85-8410-4921-8FC9-B539AF6F92F9}.Debug|Any CPU.Build.0 = Debug|Any CPU
		{251C6C85-8410-4921-8FC9-B539AF6F92F9}.Release|Any CPU.ActiveCfg = Release|Any CPU
		{251C6C85-8410-4921-8FC9-B539AF6F92F9}.Release|Any CPU.Build.0 = Release|Any CPU
		{19A18E28-E898-45EA-9318-20C04AB53C26}.Debug|Any CPU.ActiveCfg = Debug|Any CPU
		{19A18E28-E898-45EA-9318-20C04AB53C26}.Debug|Any CPU.Build.0 = Debug|Any CPU
		{19A18E28-E898-45EA-9318-20C04AB53C26}.Release|Any CPU.ActiveCfg = Release|Any CPU
		{19A18E28-E898-45EA-9318-20C04AB53C26}.Release|Any CPU.Build.0 = Release|Any CPU
	EndGlobalSection
EndGlobal
